
Microsoft Visual Studio Solution File, Format Version 12.00
# Visual Studio 14
VisualStudioVersion = 14.0.25123.0
MinimumVisualStudioVersion = 10.0.40219.1
Project("{8BC9CEB8-8B4A-11D0-8D11-00A0C91BC942}") = "JPEG2000_MI", "JPEG2000_MI\JPEG2000_MI.vcxproj", "{7BB449AF-C872-4E39-B63C-A02090DCC52C}"
EndProject
Project("{8BC9CEB8-8B4A-11D0-8D11-00A0C91BC942}") = "JPEG2000_MI_Encoding", "JPEG2000_MI_Encoding\JPEG2000_MI_Encoding.vcxproj", "{B6B6CE61-4056-46D5-9974-23074CF388E5}"
	ProjectSection(ProjectDependencies) = postProject
		{7BB449AF-C872-4E39-B63C-A02090DCC52C} = {7BB449AF-C872-4E39-B63C-A02090DCC52C}
		{F2E523B2-852A-4873-B24F-625C46C74DCB} = {F2E523B2-852A-4873-B24F-625C46C74DCB}
	EndProjectSection
EndProject
Project("{8BC9CEB8-8B4A-11D0-8D11-00A0C91BC942}") = "JPEG2000_MI_Decoding", "JPEG2000_MI_Decoding\JPEG2000_MI_Decoding.vcxproj", "{5691832F-4BB8-4045-91A1-15C6396933C6}"
	ProjectSection(ProjectDependencies) = postProject
		{7BB449AF-C872-4E39-B63C-A02090DCC52C} = {7BB449AF-C872-4E39-B63C-A02090DCC52C}
		{F2E523B2-852A-4873-B24F-625C46C74DCB} = {F2E523B2-852A-4873-B24F-625C46C74DCB}
	EndProjectSection
EndProject
Project("{8BC9CEB8-8B4A-11D0-8D11-00A0C91BC942}") = "JPEG2000_MI_Codec", "JPEG2000_MI_Codec\JPEG2000_MI_Codec.vcxproj", "{F2E523B2-852A-4873-B24F-625C46C74DCB}"
	ProjectSection(ProjectDependencies) = postProject
		{7BB449AF-C872-4E39-B63C-A02090DCC52C} = {7BB449AF-C872-4E39-B63C-A02090DCC52C}
	EndProjectSection
EndProject
Project("{FAE04EC0-301F-11D3-BF4B-00C04F79EFBC}") = "JPEG2000_MI_Interface", "JPEG2000_MI_Interface\JPEG2000_MI_Interface.csproj", "{5E8850DE-3C0C-4E8D-B458-C4438F58F01E}"
EndProject
Global
	GlobalSection(SolutionConfigurationPlatforms) = preSolution
		Debug|Any CPU = Debug|Any CPU
		Debug|x64 = Debug|x64
		Debug|x86 = Debug|x86
		Release|Any CPU = Release|Any CPU
		Release|x64 = Release|x64
		Release|x86 = Release|x86
	EndGlobalSection
	GlobalSection(ProjectConfigurationPlatforms) = postSolution
		{7BB449AF-C872-4E39-B63C-A02090DCC52C}.Debug|Any CPU.ActiveCfg = Debug|Win32
		{7BB449AF-C872-4E39-B63C-A02090DCC52C}.Debug|x64.ActiveCfg = Debug|x64
		{7BB449AF-C872-4E39-B63C-A02090DCC52C}.Debug|x64.Build.0 = Debug|x64
		{7BB449AF-C872-4E39-B63C-A02090DCC52C}.Debug|x86.ActiveCfg = Debug|Win32
		{7BB449AF-C872-4E39-B63C-A02090DCC52C}.Debug|x86.Build.0 = Debug|Win32
		{7BB449AF-C872-4E39-B63C-A02090DCC52C}.Release|Any CPU.ActiveCfg = Release|Win32
		{7BB449AF-C872-4E39-B63C-A02090DCC52C}.Release|x64.ActiveCfg = Release|x64
		{7BB449AF-C872-4E39-B63C-A02090DCC52C}.Release|x64.Build.0 = Release|x64
		{7BB449AF-C872-4E39-B63C-A02090DCC52C}.Release|x86.ActiveCfg = Release|Win32
		{7BB449AF-C872-4E39-B63C-A02090DCC52C}.Release|x86.Build.0 = Release|Win32
		{B6B6CE61-4056-46D5-9974-23074CF388E5}.Debug|Any CPU.ActiveCfg = Debug|Win32
		{B6B6CE61-4056-46D5-9974-23074CF388E5}.Debug|x64.ActiveCfg = Debug|x64
		{B6B6CE61-4056-46D5-9974-23074CF388E5}.Debug|x64.Build.0 = Debug|x64
		{B6B6CE61-4056-46D5-9974-23074CF388E5}.Debug|x86.ActiveCfg = Debug|Win32
		{B6B6CE61-4056-46D5-9974-23074CF388E5}.Debug|x86.Build.0 = Debug|Win32
		{B6B6CE61-4056-46D5-9974-23074CF388E5}.Release|Any CPU.ActiveCfg = Release|Win32
		{B6B6CE61-4056-46D5-9974-23074CF388E5}.Release|x64.ActiveCfg = Release|x64
		{B6B6CE61-4056-46D5-9974-23074CF388E5}.Release|x64.Build.0 = Release|x64
		{B6B6CE61-4056-46D5-9974-23074CF388E5}.Release|x86.ActiveCfg = Release|Win32
		{B6B6CE61-4056-46D5-9974-23074CF388E5}.Release|x86.Build.0 = Release|Win32
		{5691832F-4BB8-4045-91A1-15C6396933C6}.Debug|Any CPU.ActiveCfg = Debug|Win32
		{5691832F-4BB8-4045-91A1-15C6396933C6}.Debug|x64.ActiveCfg = Debug|x64
		{5691832F-4BB8-4045-91A1-15C6396933C6}.Debug|x64.Build.0 = Debug|x64
		{5691832F-4BB8-4045-91A1-15C6396933C6}.Debug|x86.ActiveCfg = Debug|Win32
		{5691832F-4BB8-4045-91A1-15C6396933C6}.Debug|x86.Build.0 = Debug|Win32
		{5691832F-4BB8-4045-91A1-15C6396933C6}.Release|Any CPU.ActiveCfg = Release|Win32
		{5691832F-4BB8-4045-91A1-15C6396933C6}.Release|x64.ActiveCfg = Release|x64
		{5691832F-4BB8-4045-91A1-15C6396933C6}.Release|x64.Build.0 = Release|x64
		{5691832F-4BB8-4045-91A1-15C6396933C6}.Release|x86.ActiveCfg = Release|Win32
		{5691832F-4BB8-4045-91A1-15C6396933C6}.Release|x86.Build.0 = Release|Win32
		{F2E523B2-852A-4873-B24F-625C46C74DCB}.Debug|Any CPU.ActiveCfg = Debug|Win32
		{F2E523B2-852A-4873-B24F-625C46C74DCB}.Debug|x64.ActiveCfg = Debug|x64
		{F2E523B2-852A-4873-B24F-625C46C74DCB}.Debug|x64.Build.0 = Debug|x64
		{F2E523B2-852A-4873-B24F-625C46C74DCB}.Debug|x86.ActiveCfg = Debug|Win32
		{F2E523B2-852A-4873-B24F-625C46C74DCB}.Debug|x86.Build.0 = Debug|Win32
		{F2E523B2-852A-4873-B24F-625C46C74DCB}.Release|Any CPU.ActiveCfg = Release|Win32
		{F2E523B2-852A-4873-B24F-625C46C74DCB}.Release|x64.ActiveCfg = Release|x64
		{F2E523B2-852A-4873-B24F-625C46C74DCB}.Release|x64.Build.0 = Release|x64
		{F2E523B2-852A-4873-B24F-625C46C74DCB}.Release|x86.ActiveCfg = Release|Win32
		{F2E523B2-852A-4873-B24F-625C46C74DCB}.Release|x86.Build.0 = Release|Win32
		{5E8850DE-3C0C-4E8D-B458-C4438F58F01E}.Debug|Any CPU.ActiveCfg = Debug|Any CPU
		{5E8850DE-3C0C-4E8D-B458-C4438F58F01E}.Debug|Any CPU.Build.0 = Debug|Any CPU
		{5E8850DE-3C0C-4E8D-B458-C4438F58F01E}.Debug|x64.ActiveCfg = Debug|Any CPU
		{5E8850DE-3C0C-4E8D-B458-C4438F58F01E}.Debug|x64.Build.0 = Debug|Any CPU
		{5E8850DE-3C0C-4E8D-B458-C4438F58F01E}.Debug|x86.ActiveCfg = Debug|Any CPU
		{5E8850DE-3C0C-4E8D-B458-C4438F58F01E}.Debug|x86.Build.0 = Debug|Any CPU
		{5E8850DE-3C0C-4E8D-B458-C4438F58F01E}.Release|Any CPU.ActiveCfg = Release|Any CPU
		{5E8850DE-3C0C-4E8D-B458-C4438F58F01E}.Release|Any CPU.Build.0 = Release|Any CPU
		{5E8850DE-3C0C-4E8D-B458-C4438F58F01E}.Release|x64.ActiveCfg = Release|Any CPU
		{5E8850DE-3C0C-4E8D-B458-C4438F58F01E}.Release|x64.Build.0 = Release|Any CPU
		{5E8850DE-3C0C-4E8D-B458-C4438F58F01E}.Release|x86.ActiveCfg = Release|Any CPU
		{5E8850DE-3C0C-4E8D-B458-C4438F58F01E}.Release|x86.Build.0 = Release|Any CPU
	EndGlobalSection
	GlobalSection(SolutionProperties) = preSolution
		HideSolutionNode = FALSE
	EndGlobalSection
EndGlobal
